# THIS IS AN AUTOGENERATED FILE. DO NOT EDIT THIS FILE DIRECTLY.
# yarn lockfile v1


"axios@^0.21.3":
  "integrity" "sha512-JtoZ3Ndke/+Iwt5n+BgSli/3idTvpt5OjKyoCmz4LX5+lPiY5l7C1colYezhlxThjNa/NhngCUWZSZFypIFuaA=="
  "resolved" "https://registry.npmjs.org/axios/-/axios-0.21.3.tgz"
  "version" "0.21.3"
  dependencies:
    "follow-redirects" "^1.14.0"

"follow-redirects@^1.14.0":
  "integrity" "sha512-3MkHxknWMUtb23apkgz/83fDoe+y+qr0TdgacGIA7bew+QLBo3vdgEN2xEsuXNivpFy4CyDhBBZnNZOtalmenw=="
  "resolved" "https://registry.npmjs.org/follow-redirects/-/follow-redirects-1.14.3.tgz"
  "version" "1.14.3"
